PODS:
  - EachNavigationBar (1.17.0)

DEPENDENCIES:
  - EachNavigationBar (from `../`)

EXTERNAL SOURCES:
  EachNavigationBar:
    :path: "../"

SPEC CHECKSUMS:
  EachNavigationBar: 9da67ba42c10bb6820a2adc5bba9ededbc5f7806

PODFILE CHECKSUM: 4a5419a7bcf45a13ba793283651827c4c6ff66f7

COCOAPODS: 1.11.3
