PODS:
  - EachNavigationBar (1.17.0)

DEPENDENCIES:
  - EachNavigationBar (from `../`)

EXTERNAL SOURCES:
  EachNavigationBar:
    :path: "../"

SPEC CHECKSUMS:
  EachNavigationBar: 87430187ca1f898e6d9d8bb95c35e49749e5a0a2

PODFILE CHECKSUM: 8266db98472f71de19ccfed129ac725652a7b741

COCOAPODS: 1.11.3
